{
  "name": "facil-market-proyect",
  "lockfileVersion": 3,
  "requires": true,
  "packages": {
    "": {
      "dependencies": {
        "@types/morgan": "^1.9.4"
      }
    },
    "node_modules/@types/morgan": {
      "version": "1.9.4",
      "resolved": "https://registry.npmjs.org/@types/morgan/-/morgan-1.9.4.tgz",
      "integrity": "sha512-cXoc4k+6+YAllH3ZHmx4hf7La1dzUk6keTR4bF4b4Sc0mZxU/zK4wO7l+ZzezXm/jkYj/qC+uYGZrarZdIVvyQ==",
      "dependencies": {
        "@types/node": "*"
      }
    },
    "node_modules/@types/node": {
      "version": "20.3.1",
      "resolved": "https://registry.npmjs.org/@types/node/-/node-20.3.1.tgz",
      "integrity": "sha512-EhcH/wvidPy1WeML3TtYFGR83UzjxeWRen9V402T8aUGYsCHOmfoisV3ZSg03gAFIbLq8TnWOJ0f4cALtnSEUg=="
    }
  }
}
